
Microsoft Visual Studio Solution File, Format Version 12.00
# Visual Studio Version 17
VisualStudioVersion = 17.0.31903.59
MinimumVisualStudioVersion = 10.0.40219.1
Project("{FAE04EC0-301F-11D3-BF4B-00C04F79EFBC}") = "QryptoCard.Tests.Fixtures", "QryptoCard.Tests.Fixtures\QryptoCard.Tests.Fixtures.csproj", "{20487ACE-0556-472E-A5D6-285A1D8ECEB3}"
EndProject
Project("{FAE04EC0-301F-11D3-BF4B-00C04F79EFBC}") = "QryptoCard.Tests.Unit", "QryptoCard.Tests.Unit\QryptoCard.Tests.Unit.csproj", "{41BB11CB-A03E-4695-9F86-6D59A4C6FDD5}"
EndProject
Project("{FAE04EC0-301F-11D3-BF4B-00C04F79EFBC}") = "QryptoCard.Tests.Integration", "QryptoCard.Tests.Integration\QryptoCard.Tests.Integration.csproj", "{B68BF6E9-9DE1-4D1B-94F0-3B926008F0CD}"
EndProject
Project("{FAE04EC0-301F-11D3-BF4B-00C04F79EFBC}") = "QryptoCard.Tests.Smoke", "QryptoCard.Tests.Smoke\QryptoCard.Tests.Smoke.csproj", "{5464F7D8-EF4D-4258-B226-045789E87F15}"
EndProject
Global
	GlobalSection(SolutionConfigurationPlatforms) = preSolution
		Debug|Any CPU = Debug|Any CPU
		Debug|x64 = Debug|x64
		Debug|x86 = Debug|x86
		Release|Any CPU = Release|Any CPU
		Release|x64 = Release|x64
		Release|x86 = Release|x86
	EndGlobalSection
	GlobalSection(ProjectConfigurationPlatforms) = postSolution
		{20487ACE-0556-472E-A5D6-285A1D8ECEB3}.Debug|Any CPU.ActiveCfg = Debug|Any CPU
		{20487ACE-0556-472E-A5D6-285A1D8ECEB3}.Debug|Any CPU.Build.0 = Debug|Any CPU
		{20487ACE-0556-472E-A5D6-285A1D8ECEB3}.Debug|x64.ActiveCfg = Debug|Any CPU
		{20487ACE-0556-472E-A5D6-285A1D8ECEB3}.Debug|x64.Build.0 = Debug|Any CPU
		{20487ACE-0556-472E-A5D6-285A1D8ECEB3}.Debug|x86.ActiveCfg = Debug|Any CPU
		{20487ACE-0556-472E-A5D6-285A1D8ECEB3}.Debug|x86.Build.0 = Debug|Any CPU
		{20487ACE-0556-472E-A5D6-285A1D8ECEB3}.Release|Any CPU.ActiveCfg = Release|Any CPU
		{20487ACE-0556-472E-A5D6-285A1D8ECEB3}.Release|Any CPU.Build.0 = Release|Any CPU
		{20487ACE-0556-472E-A5D6-285A1D8ECEB3}.Release|x64.ActiveCfg = Release|Any CPU
		{20487ACE-0556-472E-A5D6-285A1D8ECEB3}.Release|x64.Build.0 = Release|Any CPU
		{20487ACE-0556-472E-A5D6-285A1D8ECEB3}.Release|x86.ActiveCfg = Release|Any CPU
		{20487ACE-0556-472E-A5D6-285A1D8ECEB3}.Release|x86.Build.0 = Release|Any CPU
		{41BB11CB-A03E-4695-9F86-6D59A4C6FDD5}.Debug|Any CPU.ActiveCfg = Debug|Any CPU
		{41BB11CB-A03E-4695-9F86-6D59A4C6FDD5}.Debug|Any CPU.Build.0 = Debug|Any CPU
		{41BB11CB-A03E-4695-9F86-6D59A4C6FDD5}.Debug|x64.ActiveCfg = Debug|Any CPU
		{41BB11CB-A03E-4695-9F86-6D59A4C6FDD5}.Debug|x64.Build.0 = Debug|Any CPU
		{41BB11CB-A03E-4695-9F86-6D59A4C6FDD5}.Debug|x86.ActiveCfg = Debug|Any CPU
		{41BB11CB-A03E-4695-9F86-6D59A4C6FDD5}.Debug|x86.Build.0 = Debug|Any CPU
		{41BB11CB-A03E-4695-9F86-6D59A4C6FDD5}.Release|Any CPU.ActiveCfg = Release|Any CPU
		{41BB11CB-A03E-4695-9F86-6D59A4C6FDD5}.Release|Any CPU.Build.0 = Release|Any CPU
		{41BB11CB-A03E-4695-9F86-6D59A4C6FDD5}.Release|x64.ActiveCfg = Release|Any CPU
		{41BB11CB-A03E-4695-9F86-6D59A4C6FDD5}.Release|x64.Build.0 = Release|Any CPU
		{41BB11CB-A03E-4695-9F86-6D59A4C6FDD5}.Release|x86.ActiveCfg = Release|Any CPU
		{41BB11CB-A03E-4695-9F86-6D59A4C6FDD5}.Release|x86.Build.0 = Release|Any CPU
		{B68BF6E9-9DE1-4D1B-94F0-3B926008F0CD}.Debug|Any CPU.ActiveCfg = Debug|Any CPU
		{B68BF6E9-9DE1-4D1B-94F0-3B926008F0CD}.Debug|Any CPU.Build.0 = Debug|Any CPU
		{B68BF6E9-9DE1-4D1B-94F0-3B926008F0CD}.Debug|x64.ActiveCfg = Debug|Any CPU
		{B68BF6E9-9DE1-4D1B-94F0-3B926008F0CD}.Debug|x64.Build.0 = Debug|Any CPU
		{B68BF6E9-9DE1-4D1B-94F0-3B926008F0CD}.Debug|x86.ActiveCfg = Debug|Any CPU
		{B68BF6E9-9DE1-4D1B-94F0-3B926008F0CD}.Debug|x86.Build.0 = Debug|Any CPU
		{B68BF6E9-9DE1-4D1B-94F0-3B926008F0CD}.Release|Any CPU.ActiveCfg = Release|Any CPU
		{B68BF6E9-9DE1-4D1B-94F0-3B926008F0CD}.Release|Any CPU.Build.0 = Release|Any CPU
		{B68BF6E9-9DE1-4D1B-94F0-3B926008F0CD}.Release|x64.ActiveCfg = Release|Any CPU
		{B68BF6E9-9DE1-4D1B-94F0-3B926008F0CD}.Release|x64.Build.0 = Release|Any CPU
		{B68BF6E9-9DE1-4D1B-94F0-3B926008F0CD}.Release|x86.ActiveCfg = Release|Any CPU
		{B68BF6E9-9DE1-4D1B-94F0-3B926008F0CD}.Release|x86.Build.0 = Release|Any CPU
		{5464F7D8-EF4D-4258-B226-045789E87F15}.Debug|Any CPU.ActiveCfg = Debug|Any CPU
		{5464F7D8-EF4D-4258-B226-045789E87F15}.Debug|Any CPU.Build.0 = Debug|Any CPU
		{5464F7D8-EF4D-4258-B226-045789E87F15}.Debug|x64.ActiveCfg = Debug|Any CPU
		{5464F7D8-EF4D-4258-B226-045789E87F15}.Debug|x64.Build.0 = Debug|Any CPU
		{5464F7D8-EF4D-4258-B226-045789E87F15}.Debug|x86.ActiveCfg = Debug|Any CPU
		{5464F7D8-EF4D-4258-B226-045789E87F15}.Debug|x86.Build.0 = Debug|Any CPU
		{5464F7D8-EF4D-4258-B226-045789E87F15}.Release|Any CPU.ActiveCfg = Release|Any CPU
		{5464F7D8-EF4D-4258-B226-045789E87F15}.Release|Any CPU.Build.0 = Release|Any CPU
		{5464F7D8-EF4D-4258-B226-045789E87F15}.Release|x64.ActiveCfg = Release|Any CPU
		{5464F7D8-EF4D-4258-B226-045789E87F15}.Release|x64.Build.0 = Release|Any CPU
		{5464F7D8-EF4D-4258-B226-045789E87F15}.Release|x86.ActiveCfg = Release|Any CPU
		{5464F7D8-EF4D-4258-B226-045789E87F15}.Release|x86.Build.0 = Release|Any CPU
	EndGlobalSection
	GlobalSection(SolutionProperties) = preSolution
		HideSolutionNode = FALSE
	EndGlobalSection
EndGlobal
